// !$*UTF8*$!
{
	archiveVersion = 1;
	classes = {
	};
	objectVersion = 56;
	objects = {

/* Begin PBXBuildFile section */
		84487D5E2AD695B800222BD0 /* AppDelegate.swift in Sources */ = {isa = PBXBuildFile; fileRef = 84487D5D2AD695B800222BD0 /* AppDelegate.swift */; };
		84487D602AD695B800222BD0 /* SceneDelegate.swift in Sources */ = {isa = PBXBuildFile; fileRef = 84487D5F2AD695B800222BD0 /* SceneDelegate.swift */; };
		84487D622AD695B800222BD0 /* ViewController.swift in Sources */ = {isa = PBXBuildFile; fileRef = 84487D612AD695B800222BD0 /* ViewController.swift */; };
		84487D672AD695BB00222BD0 /* Assets.xcassets in Resources */ = {isa = PBXBuildFile; fileRef = 84487D662AD695BB00222BD0 /* Assets.xcassets */; };
		84487D6A2AD695BB00222BD0 /* LaunchScreen.storyboard in Resources */ = {isa = PBXBuildFile; fileRef = 84487D682AD695BB00222BD0 /* LaunchScreen.storyboard */; };
		84487D732AD695F700222BD0 /* SnapKit in Frameworks */ = {isa = PBXBuildFile; productRef = 84487D722AD695F700222BD0 /* SnapKit */; };
		84487D762AD6960C00222BD0 /* Then in Frameworks */ = {isa = PBXBuildFile; productRef = 84487D752AD6960C00222BD0 /* Then */; };
		84487D792AD6990100222BD0 /* UIColor+Extension.swift in Sources */ = {isa = PBXBuildFile; fileRef = 84487D782AD6990100222BD0 /* UIColor+Extension.swift */; };
		84487D7B2AD699B500222BD0 /* UILabel+Extension.swift in Sources */ = {isa = PBXBuildFile; fileRef = 84487D7A2AD699B500222BD0 /* UILabel+Extension.swift */; };
		84487D7E2AD69BCD00222BD0 /* TabBarViewController.swift in Sources */ = {isa = PBXBuildFile; fileRef = 84487D7D2AD69BCD00222BD0 /* TabBarViewController.swift */; };
		84487D812AD6B2CF00222BD0 /* HomeViewController.swift in Sources */ = {isa = PBXBuildFile; fileRef = 84487D802AD6B2CF00222BD0 /* HomeViewController.swift */; };
		84487D852AD6B32700222BD0 /* GameReplayViewController.swift in Sources */ = {isa = PBXBuildFile; fileRef = 84487D842AD6B32700222BD0 /* GameReplayViewController.swift */; };
		84487D892AD6B75E00222BD0 /* KillButton.swift in Sources */ = {isa = PBXBuildFile; fileRef = 84487D882AD6B75E00222BD0 /* KillButton.swift */; };
		84487D8B2AD6B77B00222BD0 /* TowerButton.swift in Sources */ = {isa = PBXBuildFile; fileRef = 84487D8A2AD6B77B00222BD0 /* TowerButton.swift */; };
		84487D8D2AD6B78B00222BD0 /* SuppressorButton.swift in Sources */ = {isa = PBXBuildFile; fileRef = 84487D8C2AD6B78B00222BD0 /* SuppressorButton.swift */; };
		84487D8F2AD6B7A000222BD0 /* MonsterButton.swift in Sources */ = {isa = PBXBuildFile; fileRef = 84487D8E2AD6B7A000222BD0 /* MonsterButton.swift */; };
		84487D922AD7771700222BD0 /* SliderView.swift in Sources */ = {isa = PBXBuildFile; fileRef = 84487D912AD7771700222BD0 /* SliderView.swift */; };
		84487D942AD779C600222BD0 /* FinalListViewController.swift in Sources */ = {isa = PBXBuildFile; fileRef = 84487D932AD779C600222BD0 /* FinalListViewController.swift */; };
		84487D972AD77F1D00222BD0 /* NetworkingManager.swift in Sources */ = {isa = PBXBuildFile; fileRef = 84487D962AD77F1D00222BD0 /* NetworkingManager.swift */; };
		84487D992AD77FD900222BD0 /* Constants.swift in Sources */ = {isa = PBXBuildFile; fileRef = 84487D982AD77FD900222BD0 /* Constants.swift */; };
		84487D9B2AD7833800222BD0 /* Champion.swift in Sources */ = {isa = PBXBuildFile; fileRef = 84487D9A2AD7833800222BD0 /* Champion.swift */; };
		84487D9D2AD7845000222BD0 /* Monster.swift in Sources */ = {isa = PBXBuildFile; fileRef = 84487D9C2AD7845000222BD0 /* Monster.swift */; };
		84487DA12AD7847D00222BD0 /* Inhibitor.swift in Sources */ = {isa = PBXBuildFile; fileRef = 84487DA02AD7847D00222BD0 /* Inhibitor.swift */; };
		84487DA32AD7848800222BD0 /* Winner.swift in Sources */ = {isa = PBXBuildFile; fileRef = 84487DA22AD7848800222BD0 /* Winner.swift */; };
		84487DA52AD7849700222BD0 /* Tower.swift in Sources */ = {isa = PBXBuildFile; fileRef = 84487DA42AD7849700222BD0 /* Tower.swift */; };
		84487DA82AD78DCC00222BD0 /* DGCharts in Frameworks */ = {isa = PBXBuildFile; productRef = 84487DA72AD78DCC00222BD0 /* DGCharts */; };
		84487DAA2AD78E0B00222BD0 /* KillChartView.swift in Sources */ = {isa = PBXBuildFile; fileRef = 84487DA92AD78E0B00222BD0 /* KillChartView.swift */; };
		84487DAC2AD7B21100222BD0 /* TowerChartView.swift in Sources */ = {isa = PBXBuildFile; fileRef = 84487DAB2AD7B21100222BD0 /* TowerChartView.swift */; };
		84487DAF2AD7B26200222BD0 /* SuppressorChartView.swift in Sources */ = {isa = PBXBuildFile; fileRef = 84487DAE2AD7B26200222BD0 /* SuppressorChartView.swift */; };
		84487DB12AD7B29F00222BD0 /* MonsterChartView.swift in Sources */ = {isa = PBXBuildFile; fileRef = 84487DB02AD7B29F00222BD0 /* MonsterChartView.swift */; };
/* End PBXBuildFile section */

/* Begin PBXFileReference section */
		84487D5A2AD695B800222BD0 /* LoLViz.app */ = {isa = PBXFileReference; explicitFileType = wrapper.application; includeInIndex = 0; path = LoLViz.app; sourceTree = BUILT_PRODUCTS_DIR; };
		84487D5D2AD695B800222BD0 /* AppDelegate.swift */ = {isa = PBXFileReference; lastKnownFileType = sourcecode.swift; path = AppDelegate.swift; sourceTree = "<group>"; };
		84487D5F2AD695B800222BD0 /* SceneDelegate.swift */ = {isa = PBXFileReference; lastKnownFileType = sourcecode.swift; path = SceneDelegate.swift; sourceTree = "<group>"; };
		84487D612AD695B800222BD0 /* ViewController.swift */ = {isa = PBXFileReference; lastKnownFileType = sourcecode.swift; path = ViewController.swift; sourceTree = "<group>"; };
		84487D662AD695BB00222BD0 /* Assets.xcassets */ = {isa = PBXFileReference; lastKnownFileType = folder.assetcatalog; path = Assets.xcassets; sourceTree = "<group>"; };
		84487D692AD695BB00222BD0 /* Base */ = {isa = PBXFileReference; lastKnownFileType = file.storyboard; name = Base; path = Base.lproj/LaunchScreen.storyboard; sourceTree = "<group>"; };
		84487D6B2AD695BB00222BD0 /* Info.plist */ = {isa = PBXFileReference; lastKnownFileType = text.plist.xml; path = Info.plist; sourceTree = "<group>"; };
		84487D782AD6990100222BD0 /* UIColor+Extension.swift */ = {isa = PBXFileReference; lastKnownFileType = sourcecode.swift; path = "UIColor+Extension.swift"; sourceTree = "<group>"; };
		84487D7A2AD699B500222BD0 /* UILabel+Extension.swift */ = {isa = PBXFileReference; lastKnownFileType = sourcecode.swift; path = "UILabel+Extension.swift"; sourceTree = "<group>"; };
		84487D7D2AD69BCD00222BD0 /* TabBarViewController.swift */ = {isa = PBXFileReference; lastKnownFileType = sourcecode.swift; path = TabBarViewController.swift; sourceTree = "<group>"; };
		84487D802AD6B2CF00222BD0 /* HomeViewController.swift */ = {isa = PBXFileReference; lastKnownFileType = sourcecode.swift; path = HomeViewController.swift; sourceTree = "<group>"; };
		84487D842AD6B32700222BD0 /* GameReplayViewController.swift */ = {isa = PBXFileReference; lastKnownFileType = sourcecode.swift; path = GameReplayViewController.swift; sourceTree = "<group>"; };
		84487D882AD6B75E00222BD0 /* KillButton.swift */ = {isa = PBXFileReference; lastKnownFileType = sourcecode.swift; path = KillButton.swift; sourceTree = "<group>"; };
		84487D8A2AD6B77B00222BD0 /* TowerButton.swift */ = {isa = PBXFileReference; lastKnownFileType = sourcecode.swift; path = TowerButton.swift; sourceTree = "<group>"; };
		84487D8C2AD6B78B00222BD0 /* SuppressorButton.swift */ = {isa = PBXFileReference; lastKnownFileType = sourcecode.swift; path = SuppressorButton.swift; sourceTree = "<group>"; };
		84487D8E2AD6B7A000222BD0 /* MonsterButton.swift */ = {isa = PBXFileReference; lastKnownFileType = sourcecode.swift; path = MonsterButton.swift; sourceTree = "<group>"; };
		84487D912AD7771700222BD0 /* SliderView.swift */ = {isa = PBXFileReference; lastKnownFileType = sourcecode.swift; path = SliderView.swift; sourceTree = "<group>"; };
		84487D932AD779C600222BD0 /* FinalListViewController.swift */ = {isa = PBXFileReference; lastKnownFileType = sourcecode.swift; path = FinalListViewController.swift; sourceTree = "<group>"; };
		84487D962AD77F1D00222BD0 /* NetworkingManager.swift */ = {isa = PBXFileReference; lastKnownFileType = sourcecode.swift; path = NetworkingManager.swift; sourceTree = "<group>"; };
		84487D982AD77FD900222BD0 /* Constants.swift */ = {isa = PBXFileReference; lastKnownFileType = sourcecode.swift; path = Constants.swift; sourceTree = "<group>"; };
		84487D9A2AD7833800222BD0 /* Champion.swift */ = {isa = PBXFileReference; lastKnownFileType = sourcecode.swift; path = Champion.swift; sourceTree = "<group>"; };
		84487D9C2AD7845000222BD0 /* Monster.swift */ = {isa = PBXFileReference; lastKnownFileType = sourcecode.swift; path = Monster.swift; sourceTree = "<group>"; };
		84487DA02AD7847D00222BD0 /* Inhibitor.swift */ = {isa = PBXFileReference; lastKnownFileType = sourcecode.swift; path = Inhibitor.swift; sourceTree = "<group>"; };
		84487DA22AD7848800222BD0 /* Winner.swift */ = {isa = PBXFileReference; lastKnownFileType = sourcecode.swift; path = Winner.swift; sourceTree = "<group>"; };
		84487DA42AD7849700222BD0 /* Tower.swift */ = {isa = PBXFileReference; lastKnownFileType = sourcecode.swift; path = Tower.swift; sourceTree = "<group>"; };
		84487DA92AD78E0B00222BD0 /* KillChartView.swift */ = {isa = PBXFileReference; lastKnownFileType = sourcecode.swift; path = KillChartView.swift; sourceTree = "<group>"; };
		84487DAB2AD7B21100222BD0 /* TowerChartView.swift */ = {isa = PBXFileReference; lastKnownFileType = sourcecode.swift; path = TowerChartView.swift; sourceTree = "<group>"; };
		84487DAE2AD7B26200222BD0 /* SuppressorChartView.swift */ = {isa = PBXFileReference; lastKnownFileType = sourcecode.swift; path = SuppressorChartView.swift; sourceTree = "<group>"; };
		84487DB02AD7B29F00222BD0 /* MonsterChartView.swift */ = {isa = PBXFileReference; lastKnownFileType = sourcecode.swift; path = MonsterChartView.swift; sourceTree = "<group>"; };
/* End PBXFileReference section */

/* Begin PBXFrameworksBuildPhase section */
		84487D572AD695B800222BD0 /* Frameworks */ = {
			isa = PBXFrameworksBuildPhase;
			buildActionMask = 2147483647;
			files = (
				84487D732AD695F700222BD0 /* SnapKit in Frameworks */,
				84487DA82AD78DCC00222BD0 /* DGCharts in Frameworks */,
				84487D762AD6960C00222BD0 /* Then in Frameworks */,
			);
			runOnlyForDeploymentPostprocessing = 0;
		};
/* End PBXFrameworksBuildPhase section */

/* Begin PBXGroup section */
		84487D512AD695B800222BD0 = {
			isa = PBXGroup;
			children = (
				84487D5C2AD695B800222BD0 /* LoLViz */,
				84487D5B2AD695B800222BD0 /* Products */,
			);
			sourceTree = "<group>";
		};
		84487D5B2AD695B800222BD0 /* Products */ = {
			isa = PBXGroup;
			children = (
				84487D5A2AD695B800222BD0 /* LoLViz.app */,
			);
			name = Products;
			sourceTree = "<group>";
		};
		84487D5C2AD695B800222BD0 /* LoLViz */ = {
			isa = PBXGroup;
			children = (
				84487D7C2AD699CD00222BD0 /* Resource */,
				84487D952AD77F0300222BD0 /* Networking */,
				84487D772AD698F200222BD0 /* Helper */,
				84487D7F2AD69BD300222BD0 /* ViewController */,
				84487D862AD6B6DC00222BD0 /* View */,
				84487D902AD6CB0800222BD0 /* Model */,
				84487D662AD695BB00222BD0 /* Assets.xcassets */,
				84487D682AD695BB00222BD0 /* LaunchScreen.storyboard */,
				84487D6B2AD695BB00222BD0 /* Info.plist */,
			);
			path = LoLViz;
			sourceTree = "<group>";
		};
		84487D772AD698F200222BD0 /* Helper */ = {
			isa = PBXGroup;
			children = (
				84487D782AD6990100222BD0 /* UIColor+Extension.swift */,
				84487D7A2AD699B500222BD0 /* UILabel+Extension.swift */,
				84487D982AD77FD900222BD0 /* Constants.swift */,
			);
			path = Helper;
			sourceTree = "<group>";
		};
		84487D7C2AD699CD00222BD0 /* Resource */ = {
			isa = PBXGroup;
			children = (
				84487D5D2AD695B800222BD0 /* AppDelegate.swift */,
				84487D5F2AD695B800222BD0 /* SceneDelegate.swift */,
			);
			path = Resource;
			sourceTree = "<group>";
		};
		84487D7F2AD69BD300222BD0 /* ViewController */ = {
			isa = PBXGroup;
			children = (
				84487D612AD695B800222BD0 /* ViewController.swift */,
				84487D7D2AD69BCD00222BD0 /* TabBarViewController.swift */,
				84487D802AD6B2CF00222BD0 /* HomeViewController.swift */,
				84487D842AD6B32700222BD0 /* GameReplayViewController.swift */,
				84487D932AD779C600222BD0 /* FinalListViewController.swift */,
			);
			path = ViewController;
			sourceTree = "<group>";
		};
		84487D862AD6B6DC00222BD0 /* View */ = {
			isa = PBXGroup;
			children = (
				84487DAD2AD7B21800222BD0 /* Chart */,
				84487D872AD6B74A00222BD0 /* Button */,
				84487D912AD7771700222BD0 /* SliderView.swift */,
			);
			path = View;
			sourceTree = "<group>";
		};
		84487D872AD6B74A00222BD0 /* Button */ = {
			isa = PBXGroup;
			children = (
				84487D882AD6B75E00222BD0 /* KillButton.swift */,
				84487D8A2AD6B77B00222BD0 /* TowerButton.swift */,
				84487D8C2AD6B78B00222BD0 /* SuppressorButton.swift */,
				84487D8E2AD6B7A000222BD0 /* MonsterButton.swift */,
			);
			path = Button;
			sourceTree = "<group>";
		};
		84487D902AD6CB0800222BD0 /* Model */ = {
			isa = PBXGroup;
			children = (
				84487D9A2AD7833800222BD0 /* Champion.swift */,
				84487D9C2AD7845000222BD0 /* Monster.swift */,
				84487DA02AD7847D00222BD0 /* Inhibitor.swift */,
				84487DA22AD7848800222BD0 /* Winner.swift */,
				84487DA42AD7849700222BD0 /* Tower.swift */,
			);
			path = Model;
			sourceTree = "<group>";
		};
		84487D952AD77F0300222BD0 /* Networking */ = {
			isa = PBXGroup;
			children = (
				84487D962AD77F1D00222BD0 /* NetworkingManager.swift */,
			);
			path = Networking;
			sourceTree = "<group>";
		};
		84487DAD2AD7B21800222BD0 /* Chart */ = {
			isa = PBXGroup;
			children = (
				84487DA92AD78E0B00222BD0 /* KillChartView.swift */,
				84487DAB2AD7B21100222BD0 /* TowerChartView.swift */,
				84487DAE2AD7B26200222BD0 /* SuppressorChartView.swift */,
				84487DB02AD7B29F00222BD0 /* MonsterChartView.swift */,
			);
			path = Chart;
			sourceTree = "<group>";
		};
/* End PBXGroup section */

/* Begin PBXNativeTarget section */
		84487D592AD695B800222BD0 /* LoLViz */ = {
			isa = PBXNativeTarget;
			buildConfigurationList = 84487D6E2AD695BB00222BD0 /* Build configuration list for PBXNativeTarget "LoLViz" */;
			buildPhases = (
				84487D562AD695B800222BD0 /* Sources */,
				84487D572AD695B800222BD0 /* Frameworks */,
				84487D582AD695B800222BD0 /* Resources */,
			);
			buildRules = (
			);
			dependencies = (
			);
			name = LoLViz;
			packageProductDependencies = (
				84487D722AD695F700222BD0 /* SnapKit */,
				84487D752AD6960C00222BD0 /* Then */,
				84487DA72AD78DCC00222BD0 /* DGCharts */,
			);
			productName = LoLViz;
			productReference = 84487D5A2AD695B800222BD0 /* LoLViz.app */;
			productType = "com.apple.product-type.application";
		};
/* End PBXNativeTarget section */

/* Begin PBXProject section */
		84487D522AD695B800222BD0 /* Project object */ = {
			isa = PBXProject;
			attributes = {
				BuildIndependentTargetsInParallel = 1;
				LastSwiftUpdateCheck = 1430;
				LastUpgradeCheck = 1430;
				TargetAttributes = {
					84487D592AD695B800222BD0 = {
						CreatedOnToolsVersion = 14.3.1;
					};
				};
			};
			buildConfigurationList = 84487D552AD695B800222BD0 /* Build configuration list for PBXProject "LoLViz" */;
			compatibilityVersion = "Xcode 14.0";
			developmentRegion = en;
			hasScannedForEncodings = 0;
			knownRegions = (
				en,
				Base,
			);
			mainGroup = 84487D512AD695B800222BD0;
			packageReferences = (
				84487D712AD695F700222BD0 /* XCRemoteSwiftPackageReference "SnapKit" */,
				84487D742AD6960C00222BD0 /* XCRemoteSwiftPackageReference "Then" */,
				84487DA62AD78DCC00222BD0 /* XCRemoteSwiftPackageReference "Charts" */,
			);
			productRefGroup = 84487D5B2AD695B800222BD0 /* Products */;
			projectDirPath = "";
			projectRoot = "";
			targets = (
				84487D592AD695B800222BD0 /* LoLViz */,
			);
		};
/* End PBXProject section */

/* Begin PBXResourcesBuildPhase section */
		84487D582AD695B800222BD0 /* Resources */ = {
			isa = PBXResourcesBuildPhase;
			buildActionMask = 2147483647;
			files = (
				84487D6A2AD695BB00222BD0 /* LaunchScreen.storyboard in Resources */,
				84487D672AD695BB00222BD0 /* Assets.xcassets in Resources */,
			);
			runOnlyForDeploymentPostprocessing = 0;
		};
/* End PBXResourcesBuildPhase section */

/* Begin PBXSourcesBuildPhase section */
		84487D562AD695B800222BD0 /* Sources */ = {
			isa = PBXSourcesBuildPhase;
			buildActionMask = 2147483647;
			files = (
				84487D622AD695B800222BD0 /* ViewController.swift in Sources */,
				84487D9B2AD7833800222BD0 /* Champion.swift in Sources */,
				84487D922AD7771700222BD0 /* SliderView.swift in Sources */,
				84487DA52AD7849700222BD0 /* Tower.swift in Sources */,
				84487DA12AD7847D00222BD0 /* Inhibitor.swift in Sources */,
				84487D5E2AD695B800222BD0 /* AppDelegate.swift in Sources */,
				84487D972AD77F1D00222BD0 /* NetworkingManager.swift in Sources */,
				84487DAA2AD78E0B00222BD0 /* KillChartView.swift in Sources */,
				84487D942AD779C600222BD0 /* FinalListViewController.swift in Sources */,
				84487D7B2AD699B500222BD0 /* UILabel+Extension.swift in Sources */,
				84487DA32AD7848800222BD0 /* Winner.swift in Sources */,
				84487D8B2AD6B77B00222BD0 /* TowerButton.swift in Sources */,
				84487D992AD77FD900222BD0 /* Constants.swift in Sources */,
				84487D602AD695B800222BD0 /* SceneDelegate.swift in Sources */,
				84487D9D2AD7845000222BD0 /* Monster.swift in Sources */,
				84487DAF2AD7B26200222BD0 /* SuppressorChartView.swift in Sources */,
				84487D8D2AD6B78B00222BD0 /* SuppressorButton.swift in Sources */,
				84487DB12AD7B29F00222BD0 /* MonsterChartView.swift in Sources */,
				84487D8F2AD6B7A000222BD0 /* MonsterButton.swift in Sources */,
				84487D892AD6B75E00222BD0 /* KillButton.swift in Sources */,
				84487D7E2AD69BCD00222BD0 /* TabBarViewController.swift in Sources */,
				84487D812AD6B2CF00222BD0 /* HomeViewController.swift in Sources */,
				84487D792AD6990100222BD0 /* UIColor+Extension.swift in Sources */,
				84487DAC2AD7B21100222BD0 /* TowerChartView.swift in Sources */,
				84487D852AD6B32700222BD0 /* GameReplayViewController.swift in Sources */,
			);
			runOnlyForDeploymentPostprocessing = 0;
		};
/* End PBXSourcesBuildPhase section */

/* Begin PBXVariantGroup section */
		84487D682AD695BB00222BD0 /* LaunchScreen.storyboard */ = {
			isa = PBXVariantGroup;
			children = (
				84487D692AD695BB00222BD0 /* Base */,
			);
			name = LaunchScreen.storyboard;
			sourceTree = "<group>";
		};
/* End PBXVariantGroup section */

/* Begin XCBuildConfiguration section */
		84487D6C2AD695BB00222BD0 /* Debug */ = {
			isa = XCBuildConfiguration;
			buildSettings = {
				ALWAYS_SEARCH_USER_PATHS = NO;
				CLANG_ANALYZER_NONNULL = YES;
				CLANG_ANALYZER_NUMBER_OBJECT_CONVERSION = YES_AGGRESSIVE;
				CLANG_CXX_LANGUAGE_STANDARD = "gnu++20";
				CLANG_ENABLE_MODULES = YES;
				CLANG_ENABLE_OBJC_ARC = YES;
				CLANG_ENABLE_OBJC_WEAK = YES;
				CLANG_WARN_BLOCK_CAPTURE_AUTORELEASING = YES;
				CLANG_WARN_BOOL_CONVERSION = YES;
				CLANG_WARN_COMMA = YES;
				CLANG_WARN_CONSTANT_CONVERSION = YES;
				CLANG_WARN_DEPRECATED_OBJC_IMPLEMENTATIONS = YES;
				CLANG_WARN_DIRECT_OBJC_ISA_USAGE = YES_ERROR;
				CLANG_WARN_DOCUMENTATION_COMMENTS = YES;
				CLANG_WARN_EMPTY_BODY = YES;
				CLANG_WARN_ENUM_CONVERSION = YES;
				CLANG_WARN_INFINITE_RECURSION = YES;
				CLANG_WARN_INT_CONVERSION = YES;
				CLANG_WARN_NON_LITERAL_NULL_CONVERSION = YES;
				CLANG_WARN_OBJC_IMPLICIT_RETAIN_SELF = YES;
				CLANG_WARN_OBJC_LITERAL_CONVERSION = YES;
				CLANG_WARN_OBJC_ROOT_CLASS = YES_ERROR;
				CLANG_WARN_QUOTED_INCLUDE_IN_FRAMEWORK_HEADER = YES;
				CLANG_WARN_RANGE_LOOP_ANALYSIS = YES;
				CLANG_WARN_STRICT_PROTOTYPES = YES;
				CLANG_WARN_SUSPICIOUS_MOVE = YES;
				CLANG_WARN_UNGUARDED_AVAILABILITY = YES_AGGRESSIVE;
				CLANG_WARN_UNREACHABLE_CODE = YES;
				CLANG_WARN__DUPLICATE_METHOD_MATCH = YES;
				COPY_PHASE_STRIP = NO;
				DEBUG_INFORMATION_FORMAT = dwarf;
				ENABLE_STRICT_OBJC_MSGSEND = YES;
				ENABLE_TESTABILITY = YES;
				GCC_C_LANGUAGE_STANDARD = gnu11;
				GCC_DYNAMIC_NO_PIC = NO;
				GCC_NO_COMMON_BLOCKS = YES;
				GCC_OPTIMIZATION_LEVEL = 0;
				GCC_PREPROCESSOR_DEFINITIONS = (
					"DEBUG=1",
					"$(inherited)",
				);
				GCC_WARN_64_TO_32_BIT_CONVERSION = YES;
				GCC_WARN_ABOUT_RETURN_TYPE = YES_ERROR;
				GCC_WARN_UNDECLARED_SELECTOR = YES;
				GCC_WARN_UNINITIALIZED_AUTOS = YES_AGGRESSIVE;
				GCC_WARN_UNUSED_FUNCTION = YES;
				GCC_WARN_UNUSED_VARIABLE = YES;
				IPHONEOS_DEPLOYMENT_TARGET = 16.4;
				MTL_ENABLE_DEBUG_INFO = INCLUDE_SOURCE;
				MTL_FAST_MATH = YES;
				ONLY_ACTIVE_ARCH = YES;
				SDKROOT = iphoneos;
				SWIFT_ACTIVE_COMPILATION_CONDITIONS = DEBUG;
				SWIFT_OPTIMIZATION_LEVEL = "-Onone";
			};
			name = Debug;
		};
		84487D6D2AD695BB00222BD0 /* Release */ = {
			isa = XCBuildConfiguration;
			buildSettings = {
				ALWAYS_SEARCH_USER_PATHS = NO;
				CLANG_ANALYZER_NONNULL = YES;
				CLANG_ANALYZER_NUMBER_OBJECT_CONVERSION = YES_AGGRESSIVE;
				CLANG_CXX_LANGUAGE_STANDARD = "gnu++20";
				CLANG_ENABLE_MODULES = YES;
				CLANG_ENABLE_OBJC_ARC = YES;
				CLANG_ENABLE_OBJC_WEAK = YES;
				CLANG_WARN_BLOCK_CAPTURE_AUTORELEASING = YES;
				CLANG_WARN_BOOL_CONVERSION = YES;
				CLANG_WARN_COMMA = YES;
				CLANG_WARN_CONSTANT_CONVERSION = YES;
				CLANG_WARN_DEPRECATED_OBJC_IMPLEMENTATIONS = YES;
				CLANG_WARN_DIRECT_OBJC_ISA_USAGE = YES_ERROR;
				CLANG_WARN_DOCUMENTATION_COMMENTS = YES;
				CLANG_WARN_EMPTY_BODY = YES;
				CLANG_WARN_ENUM_CONVERSION = YES;
				CLANG_WARN_INFINITE_RECURSION = YES;
				CLANG_WARN_INT_CONVERSION = YES;
				CLANG_WARN_NON_LITERAL_NULL_CONVERSION = YES;
				CLANG_WARN_OBJC_IMPLICIT_RETAIN_SELF = YES;
				CLANG_WARN_OBJC_LITERAL_CONVERSION = YES;
				CLANG_WARN_OBJC_ROOT_CLASS = YES_ERROR;
				CLANG_WARN_QUOTED_INCLUDE_IN_FRAMEWORK_HEADER = YES;
				CLANG_WARN_RANGE_LOOP_ANALYSIS = YES;
				CLANG_WARN_STRICT_PROTOTYPES = YES;
				CLANG_WARN_SUSPICIOUS_MOVE = YES;
				CLANG_WARN_UNGUARDED_AVAILABILITY = YES_AGGRESSIVE;
				CLANG_WARN_UNREACHABLE_CODE = YES;
				CLANG_WARN__DUPLICATE_METHOD_MATCH = YES;
				COPY_PHASE_STRIP = NO;
				DEBUG_INFORMATION_FORMAT = "dwarf-with-dsym";
				ENABLE_NS_ASSERTIONS = NO;
				ENABLE_STRICT_OBJC_MSGSEND = YES;
				GCC_C_LANGUAGE_STANDARD = gnu11;
				GCC_NO_COMMON_BLOCKS = YES;
				GCC_WARN_64_TO_32_BIT_CONVERSION = YES;
				GCC_WARN_ABOUT_RETURN_TYPE = YES_ERROR;
				GCC_WARN_UNDECLARED_SELECTOR = YES;
				GCC_WARN_UNINITIALIZED_AUTOS = YES_AGGRESSIVE;
				GCC_WARN_UNUSED_FUNCTION = YES;
				GCC_WARN_UNUSED_VARIABLE = YES;
				IPHONEOS_DEPLOYMENT_TARGET = 16.4;
				MTL_ENABLE_DEBUG_INFO = NO;
				MTL_FAST_MATH = YES;
				SDKROOT = iphoneos;
				SWIFT_COMPILATION_MODE = wholemodule;
				SWIFT_OPTIMIZATION_LEVEL = "-O";
				VALIDATE_PRODUCT = YES;
			};
			name = Release;
		};
		84487D6F2AD695BB00222BD0 /* Debug */ = {
			isa = XCBuildConfiguration;
			buildSettings = {
				ASSETCATALOG_COMPILER_APPICON_NAME = AppIcon;
				ASSETCATALOG_COMPILER_GLOBAL_ACCENT_COLOR_NAME = AccentColor;
				CODE_SIGN_STYLE = Automatic;
				CURRENT_PROJECT_VERSION = 1;
				GENERATE_INFOPLIST_FILE = YES;
				INFOPLIST_FILE = LoLViz/Info.plist;
				INFOPLIST_KEY_UIApplicationSupportsIndirectInputEvents = YES;
				INFOPLIST_KEY_UILaunchStoryboardName = LaunchScreen;
				INFOPLIST_KEY_UISupportedInterfaceOrientations = UIInterfaceOrientationPortrait;
				IPHONEOS_DEPLOYMENT_TARGET = 15.0;
				LD_RUNPATH_SEARCH_PATHS = (
					"$(inherited)",
					"@executable_path/Frameworks",
				);
				MARKETING_VERSION = 1.0;
				PRODUCT_BUNDLE_IDENTIFIER = com.saemi.LoLViz;
				PRODUCT_NAME = "$(TARGET_NAME)";
				SWIFT_EMIT_LOC_STRINGS = YES;
				SWIFT_VERSION = 5.0;
				TARGETED_DEVICE_FAMILY = "1,2";
			};
			name = Debug;
		};
		84487D702AD695BB00222BD0 /* Release */ = {
			isa = XCBuildConfiguration;
			buildSettings = {
				ASSETCATALOG_COMPILER_APPICON_NAME = AppIcon;
				ASSETCATALOG_COMPILER_GLOBAL_ACCENT_COLOR_NAME = AccentColor;
				CODE_SIGN_STYLE = Automatic;
				CURRENT_PROJECT_VERSION = 1;
				GENERATE_INFOPLIST_FILE = YES;
				INFOPLIST_FILE = LoLViz/Info.plist;
				INFOPLIST_KEY_UIApplicationSupportsIndirectInputEvents = YES;
				INFOPLIST_KEY_UILaunchStoryboardName = LaunchScreen;
				INFOPLIST_KEY_UISupportedInterfaceOrientations = UIInterfaceOrientationPortrait;
				IPHONEOS_DEPLOYMENT_TARGET = 15.0;
				LD_RUNPATH_SEARCH_PATHS = (
					"$(inherited)",
					"@executable_path/Frameworks",
				);
				MARKETING_VERSION = 1.0;
				PRODUCT_BUNDLE_IDENTIFIER = com.saemi.LoLViz;
				PRODUCT_NAME = "$(TARGET_NAME)";
				SWIFT_EMIT_LOC_STRINGS = YES;
				SWIFT_VERSION = 5.0;
				TARGETED_DEVICE_FAMILY = "1,2";
			};
			name = Release;
		};
/* End XCBuildConfiguration section */

/* Begin XCConfigurationList section */
		84487D552AD695B800222BD0 /* Build configuration list for PBXProject "LoLViz" */ = {
			isa = XCConfigurationList;
			buildConfigurations = (
				84487D6C2AD695BB00222BD0 /* Debug */,
				84487D6D2AD695BB00222BD0 /* Release */,
			);
			defaultConfigurationIsVisible = 0;
			defaultConfigurationName = Release;
		};
		84487D6E2AD695BB00222BD0 /* Build configuration list for PBXNativeTarget "LoLViz" */ = {
			isa = XCConfigurationList;
			buildConfigurations = (
				84487D6F2AD695BB00222BD0 /* Debug */,
				84487D702AD695BB00222BD0 /* Release */,
			);
			defaultConfigurationIsVisible = 0;
			defaultConfigurationName = Release;
		};
/* End XCConfigurationList section */

/* Begin XCRemoteSwiftPackageReference section */
		84487D712AD695F700222BD0 /* XCRemoteSwiftPackageReference "SnapKit" */ = {
			isa = XCRemoteSwiftPackageReference;
			repositoryURL = "https://github.com/SnapKit/SnapKit.git";
			requirement = {
				kind = upToNextMajorVersion;
				minimumVersion = 5.0.0;
			};
		};
		84487D742AD6960C00222BD0 /* XCRemoteSwiftPackageReference "Then" */ = {
			isa = XCRemoteSwiftPackageReference;
			repositoryURL = "https://github.com/devxoul/Then";
			requirement = {
				kind = upToNextMajorVersion;
				minimumVersion = 3.0.0;
			};
		};
		84487DA62AD78DCC00222BD0 /* XCRemoteSwiftPackageReference "Charts" */ = {
			isa = XCRemoteSwiftPackageReference;
			repositoryURL = "https://github.com/danielgindi/Charts.git";
			requirement = {
				kind = upToNextMajorVersion;
				minimumVersion = 5.0.0;
			};
		};
/* End XCRemoteSwiftPackageReference section */

/* Begin XCSwiftPackageProductDependency section */
		84487D722AD695F700222BD0 /* SnapKit */ = {
			isa = XCSwiftPackageProductDependency;
			package = 84487D712AD695F700222BD0 /* XCRemoteSwiftPackageReference "SnapKit" */;
			productName = SnapKit;
		};
		84487D752AD6960C00222BD0 /* Then */ = {
			isa = XCSwiftPackageProductDependency;
			package = 84487D742AD6960C00222BD0 /* XCRemoteSwiftPackageReference "Then" */;
			productName = Then;
		};
		84487DA72AD78DCC00222BD0 /* DGCharts */ = {
			isa = XCSwiftPackageProductDependency;
			package = 84487DA62AD78DCC00222BD0 /* XCRemoteSwiftPackageReference "Charts" */;
			productName = DGCharts;
		};
/* End XCSwiftPackageProductDependency section */
	};
	rootObject = 84487D522AD695B800222BD0 /* Project object */;
}
